{
  "version": 4,
  "terraform_version": "1.5.4",
  "serial": 378,
  "lineage": "1937e6f2-8e9d-2777-ab0b-978829066204",
  "outputs": {
    "elb-arn": {
      "value": "arn:aws:elasticloadbalancing:us-east-1:596459525166:loadbalancer/app/darksied-elb/3380038fcb42a1ef",
      "type": "string"
    },
    "elb-dns-name": {
      "value": "darksied-elb-578155467.us-east-1.elb.amazonaws.com",
      "type": "string"
    },
    "elb-sg-id": {
      "value": "sg-09240c3aaf2550b31",
      "type": "string"
    },
    "exported_ips": {
      "value": [
        "54.157.43.130",
        "50.17.57.14",
        "54.209.250.98"
      ],
      "type": [
        "tuple",
        [
          "string",
          "string",
          "string"
        ]
      ]
    },
    "instance_ids": {
      "value": [
        "i-0bf99cb410d1aaf50",
        "i-06537a8bac0329d7e",
        "i-0f0728862bd6fa2c4"
      ],
      "type": [
        "tuple",
        [
          "string",
          "string",
          "string"
        ]
      ]
    },
    "project-name": {
      "value": "darksied",
      "type": "string"
    },
    "public-instance-sg-id": {
      "value": "sg-0e66ffca093549ade",
      "type": "string"
    },
    "s3_bucket_name": {
      "value": "eoyebamiji-state",
      "type": "string"
    },
    "subnet-ids": {
      "value": [
        "subnet-063e2ba7e6df9a053",
        "subnet-019e9bad6b85aaa6d",
        "subnet-0521ee08dd51f4208"
      ],
      "type": [
        "tuple",
        [
          "string",
          "string",
          "string"
        ]
      ]
    },
    "vpc-id": {
      "value": "vpc-002e950c74c7f1179",
      "type": "string"
    }
  },
  "resources": [
    {
      "module": "module.ec2",
      "mode": "data",
      "type": "aws_ami",
      "name": "ubuntu",
      "provider": "provider[\"registry.terraform.io/hashicorp/aws\"]",
      "instances": [
        {
          "schema_version": 0,
          "attributes": {
            "architecture": "x86_64",
            "arn": "arn:aws:ec2:us-east-1::image/ami-027a754129abb5386",
            "block_device_mappings": [
              {
                "device_name": "/dev/sda1",
                "ebs": {
                  "delete_on_termination": "true",
                  "encrypted": "false",
                  "iops": "0",
                  "snapshot_id": "snap-0a5f4f04d020b4bfb",
                  "throughput": "0",
                  "volume_size": "8",
                  "volume_type": "gp2"
                },
                "no_device": "",
                "virtual_name": ""
              },
              {
                "device_name": "/dev/sdb",
                "ebs": {},
                "no_device": "",
                "virtual_name": "ephemeral0"
              },
              {
                "device_name": "/dev/sdc",
                "ebs": {},
                "no_device": "",
                "virtual_name": "ephemeral1"
              }
            ],
            "boot_mode": "legacy-bios",
            "creation_date": "2023-12-08T23:22:13.000Z",
            "deprecation_time": "2025-12-08T23:22:13.000Z",
            "description": "Canonical, Ubuntu, 20.04 LTS, amd64 focal image build on 2023-12-08",
            "ena_support": true,
            "executable_users": null,
            "filter": [
              {
                "name": "architecture",
                "values": [
                  "x86_64"
                ]
              },
              {
                "name": "name",
                "values": [
                  "ubuntu/images/hvm-ssd/ubuntu-focal-20.04-amd64-server-*"
                ]
              },
              {
                "name": "root-device-type",
                "values": [
                  "ebs"
                ]
              },
              {
                "name": "virtualization-type",
                "values": [
                  "hvm"
                ]
              }
            ],
            "hypervisor": "xen",
            "id": "ami-027a754129abb5386",
            "image_id": "ami-027a754129abb5386",
            "image_location": "amazon/ubuntu/images/hvm-ssd/ubuntu-focal-20.04-amd64-server-20231208",
            "image_owner_alias": "amazon",
            "image_type": "machine",
            "imds_support": "",
            "include_deprecated": false,
            "kernel_id": "",
            "most_recent": true,
            "name": "ubuntu/images/hvm-ssd/ubuntu-focal-20.04-amd64-server-20231208",
            "name_regex": null,
            "owner_id": "099720109477",
            "owners": [
              "099720109477"
            ],
            "platform": "",
            "platform_details": "Linux/UNIX",
            "product_codes": [],
            "public": true,
            "ramdisk_id": "",
            "root_device_name": "/dev/sda1",
            "root_device_type": "ebs",
            "root_snapshot_id": "snap-0a5f4f04d020b4bfb",
            "sriov_net_support": "simple",
            "state": "available",
            "state_reason": {
              "code": "UNSET",
              "message": "UNSET"
            },
            "tags": {},
            "timeouts": null,
            "tpm_support": "",
            "usage_operation": "RunInstances",
            "virtualization_type": "hvm"
          },
          "sensitive_attributes": []
        }
      ]
    },
    {
      "module": "module.ec2",
      "mode": "managed",
      "type": "aws_instance",
      "name": "ec2",
      "provider": "provider[\"registry.terraform.io/hashicorp/aws\"]",
      "instances": [
        {
          "index_key": 0,
          "schema_version": 1,
          "attributes": {
            "ami": "ami-027a754129abb5386",
            "arn": "arn:aws:ec2:us-east-1:596459525166:instance/i-0bf99cb410d1aaf50",
            "associate_public_ip_address": true,
            "availability_zone": "us-east-1a",
            "capacity_reservation_specification": [
              {
                "capacity_reservation_preference": "open",
                "capacity_reservation_target": []
              }
            ],
            "cpu_core_count": 1,
            "cpu_options": [
              {
                "amd_sev_snp": "",
                "core_count": 1,
                "threads_per_core": 1
              }
            ],
            "cpu_threads_per_core": 1,
            "credit_specification": [
              {
                "cpu_credits": "standard"
              }
            ],
            "disable_api_stop": false,
            "disable_api_termination": false,
            "ebs_block_device": [],
            "ebs_optimized": false,
            "enclave_options": [
              {
                "enabled": false
              }
            ],
            "ephemeral_block_device": [],
            "get_password_data": false,
            "hibernation": false,
            "host_id": "",
            "host_resource_group_arn": null,
            "iam_instance_profile": "",
            "id": "i-0bf99cb410d1aaf50",
            "instance_initiated_shutdown_behavior": "stop",
            "instance_lifecycle": "",
            "instance_market_options": [],
            "instance_state": "running",
            "instance_type": "t2.micro",
            "ipv6_address_count": 0,
            "ipv6_addresses": [],
            "key_name": "darksied-key",
            "launch_template": [],
            "maintenance_options": [
              {
                "auto_recovery": "default"
              }
            ],
            "metadata_options": [
              {
                "http_endpoint": "enabled",
                "http_protocol_ipv6": "disabled",
                "http_put_response_hop_limit": 1,
                "http_tokens": "optional",
                "instance_metadata_tags": "disabled"
              }
            ],
            "monitoring": false,
            "network_interface": [],
            "outpost_arn": "",
            "password_data": "",
            "placement_group": "",
            "placement_partition_number": 0,
            "primary_network_interface_id": "eni-06fc2ed9a16499c76",
            "private_dns": "ip-10-0-0-13.ec2.internal",
            "private_dns_name_options": [
              {
                "enable_resource_name_dns_a_record": false,
                "enable_resource_name_dns_aaaa_record": false,
                "hostname_type": "ip-name"
              }
            ],
            "private_ip": "10.0.0.13",
            "public_dns": "ec2-54-157-43-130.compute-1.amazonaws.com",
            "public_ip": "54.157.43.130",
            "root_block_device": [
              {
                "delete_on_termination": true,
                "device_name": "/dev/sda1",
                "encrypted": false,
                "iops": 100,
                "kms_key_id": "",
                "tags": {},
                "throughput": 0,
                "volume_id": "vol-0fbb66f181363f796",
                "volume_size": 8,
                "volume_type": "gp2"
              }
            ],
            "secondary_private_ips": [],
            "security_groups": [],
            "source_dest_check": true,
            "spot_instance_request_id": "",
            "subnet_id": "subnet-063e2ba7e6df9a053",
            "tags": {
              "Name": "darksied-ec2-0"
            },
            "tags_all": {
              "Name": "darksied-ec2-0"
            },
            "tenancy": "default",
            "timeouts": null,
            "user_data": null,
            "user_data_base64": null,
            "user_data_replace_on_change": false,
            "volume_tags": null,
            "vpc_security_group_ids": [
              "sg-0e66ffca093549ade"
            ]
          },
          "sensitive_attributes": [],
          "private": "eyJlMmJmYjczMC1lY2FhLTExZTYtOGY4OC0zNDM2M2JjN2M0YzAiOnsiY3JlYXRlIjo2MDAwMDAwMDAwMDAsImRlbGV0ZSI6MTIwMDAwMDAwMDAwMCwidXBkYXRlIjo2MDAwMDAwMDAwMDB9LCJzY2hlbWFfdmVyc2lvbiI6IjEifQ==",
          "dependencies": [
            "module.ec2.aws_key_pair.rsa-key",
            "module.ec2.data.aws_ami.ubuntu",
            "module.ec2.tls_private_key.rsa-key",
            "module.sg.aws_security_group.public-instance-sg",
            "module.vpc.aws_subnet.subnets",
            "module.vpc.aws_vpc.vpc",
            "module.vpc.data.aws_availability_zones.available"
          ]
        },
        {
          "index_key": 1,
          "schema_version": 1,
          "attributes": {
            "ami": "ami-027a754129abb5386",
            "arn": "arn:aws:ec2:us-east-1:596459525166:instance/i-06537a8bac0329d7e",
            "associate_public_ip_address": true,
            "availability_zone": "us-east-1b",
            "capacity_reservation_specification": [
              {
                "capacity_reservation_preference": "open",
                "capacity_reservation_target": []
              }
            ],
            "cpu_core_count": 1,
            "cpu_options": [
              {
                "amd_sev_snp": "",
                "core_count": 1,
                "threads_per_core": 1
              }
            ],
            "cpu_threads_per_core": 1,
            "credit_specification": [
              {
                "cpu_credits": "standard"
              }
            ],
            "disable_api_stop": false,
            "disable_api_termination": false,
            "ebs_block_device": [],
            "ebs_optimized": false,
            "enclave_options": [
              {
                "enabled": false
              }
            ],
            "ephemeral_block_device": [],
            "get_password_data": false,
            "hibernation": false,
            "host_id": "",
            "host_resource_group_arn": null,
            "iam_instance_profile": "",
            "id": "i-06537a8bac0329d7e",
            "instance_initiated_shutdown_behavior": "stop",
            "instance_lifecycle": "",
            "instance_market_options": [],
            "instance_state": "running",
            "instance_type": "t2.micro",
            "ipv6_address_count": 0,
            "ipv6_addresses": [],
            "key_name": "darksied-key",
            "launch_template": [],
            "maintenance_options": [
              {
                "auto_recovery": "default"
              }
            ],
            "metadata_options": [
              {
                "http_endpoint": "enabled",
                "http_protocol_ipv6": "disabled",
                "http_put_response_hop_limit": 1,
                "http_tokens": "optional",
                "instance_metadata_tags": "disabled"
              }
            ],
            "monitoring": false,
            "network_interface": [],
            "outpost_arn": "",
            "password_data": "",
            "placement_group": "",
            "placement_partition_number": 0,
            "primary_network_interface_id": "eni-037763d3e46402acd",
            "private_dns": "ip-10-0-0-30.ec2.internal",
            "private_dns_name_options": [
              {
                "enable_resource_name_dns_a_record": false,
                "enable_resource_name_dns_aaaa_record": false,
                "hostname_type": "ip-name"
              }
            ],
            "private_ip": "10.0.0.30",
            "public_dns": "ec2-50-17-57-14.compute-1.amazonaws.com",
            "public_ip": "50.17.57.14",
            "root_block_device": [
              {
                "delete_on_termination": true,
                "device_name": "/dev/sda1",
                "encrypted": false,
                "iops": 100,
                "kms_key_id": "",
                "tags": {},
                "throughput": 0,
                "volume_id": "vol-03e35bce252c64deb",
                "volume_size": 8,
                "volume_type": "gp2"
              }
            ],
            "secondary_private_ips": [],
            "security_groups": [],
            "source_dest_check": true,
            "spot_instance_request_id": "",
            "subnet_id": "subnet-019e9bad6b85aaa6d",
            "tags": {
              "Name": "darksied-ec2-1"
            },
            "tags_all": {
              "Name": "darksied-ec2-1"
            },
            "tenancy": "default",
            "timeouts": null,
            "user_data": null,
            "user_data_base64": null,
            "user_data_replace_on_change": false,
            "volume_tags": null,
            "vpc_security_group_ids": [
              "sg-0e66ffca093549ade"
            ]
          },
          "sensitive_attributes": [],
          "private": "eyJlMmJmYjczMC1lY2FhLTExZTYtOGY4OC0zNDM2M2JjN2M0YzAiOnsiY3JlYXRlIjo2MDAwMDAwMDAwMDAsImRlbGV0ZSI6MTIwMDAwMDAwMDAwMCwidXBkYXRlIjo2MDAwMDAwMDAwMDB9LCJzY2hlbWFfdmVyc2lvbiI6IjEifQ==",
          "dependencies": [
            "module.ec2.aws_key_pair.rsa-key",
            "module.ec2.data.aws_ami.ubuntu",
            "module.ec2.tls_private_key.rsa-key",
            "module.sg.aws_security_group.public-instance-sg",
            "module.vpc.aws_subnet.subnets",
            "module.vpc.aws_vpc.vpc",
            "module.vpc.data.aws_availability_zones.available"
          ]
        },
        {
          "index_key": 2,
          "schema_version": 1,
          "attributes": {
            "ami": "ami-027a754129abb5386",
            "arn": "arn:aws:ec2:us-east-1:596459525166:instance/i-0f0728862bd6fa2c4",
            "associate_public_ip_address": true,
            "availability_zone": "us-east-1c",
            "capacity_reservation_specification": [
              {
                "capacity_reservation_preference": "open",
                "capacity_reservation_target": []
              }
            ],
            "cpu_core_count": 1,
            "cpu_options": [
              {
                "amd_sev_snp": "",
                "core_count": 1,
                "threads_per_core": 1
              }
            ],
            "cpu_threads_per_core": 1,
            "credit_specification": [
              {
                "cpu_credits": "standard"
              }
            ],
            "disable_api_stop": false,
            "disable_api_termination": false,
            "ebs_block_device": [],
            "ebs_optimized": false,
            "enclave_options": [
              {
                "enabled": false
              }
            ],
            "ephemeral_block_device": [],
            "get_password_data": false,
            "hibernation": false,
            "host_id": "",
            "host_resource_group_arn": null,
            "iam_instance_profile": "",
            "id": "i-0f0728862bd6fa2c4",
            "instance_initiated_shutdown_behavior": "stop",
            "instance_lifecycle": "",
            "instance_market_options": [],
            "instance_state": "running",
            "instance_type": "t2.micro",
            "ipv6_address_count": 0,
            "ipv6_addresses": [],
            "key_name": "darksied-key",
            "launch_template": [],
            "maintenance_options": [
              {
                "auto_recovery": "default"
              }
            ],
            "metadata_options": [
              {
                "http_endpoint": "enabled",
                "http_protocol_ipv6": "disabled",
                "http_put_response_hop_limit": 1,
                "http_tokens": "optional",
                "instance_metadata_tags": "disabled"
              }
            ],
            "monitoring": false,
            "network_interface": [],
            "outpost_arn": "",
            "password_data": "",
            "placement_group": "",
            "placement_partition_number": 0,
            "primary_network_interface_id": "eni-011d1ab80302a47e7",
            "private_dns": "ip-10-0-0-39.ec2.internal",
            "private_dns_name_options": [
              {
                "enable_resource_name_dns_a_record": false,
                "enable_resource_name_dns_aaaa_record": false,
                "hostname_type": "ip-name"
              }
            ],
            "private_ip": "10.0.0.39",
            "public_dns": "ec2-54-209-250-98.compute-1.amazonaws.com",
            "public_ip": "54.209.250.98",
            "root_block_device": [
              {
                "delete_on_termination": true,
                "device_name": "/dev/sda1",
                "encrypted": false,
                "iops": 100,
                "kms_key_id": "",
                "tags": {},
                "throughput": 0,
                "volume_id": "vol-08bb39fcfc377e7b6",
                "volume_size": 8,
                "volume_type": "gp2"
              }
            ],
            "secondary_private_ips": [],
            "security_groups": [],
            "source_dest_check": true,
            "spot_instance_request_id": "",
            "subnet_id": "subnet-0521ee08dd51f4208",
            "tags": {
              "Name": "darksied-ec2-2"
            },
            "tags_all": {
              "Name": "darksied-ec2-2"
            },
            "tenancy": "default",
            "timeouts": null,
            "user_data": null,
            "user_data_base64": null,
            "user_data_replace_on_change": false,
            "volume_tags": null,
            "vpc_security_group_ids": [
              "sg-0e66ffca093549ade"
            ]
          },
          "sensitive_attributes": [],
          "private": "eyJlMmJmYjczMC1lY2FhLTExZTYtOGY4OC0zNDM2M2JjN2M0YzAiOnsiY3JlYXRlIjo2MDAwMDAwMDAwMDAsImRlbGV0ZSI6MTIwMDAwMDAwMDAwMCwidXBkYXRlIjo2MDAwMDAwMDAwMDB9LCJzY2hlbWFfdmVyc2lvbiI6IjEifQ==",
          "dependencies": [
            "module.ec2.aws_key_pair.rsa-key",
            "module.ec2.data.aws_ami.ubuntu",
            "module.ec2.tls_private_key.rsa-key",
            "module.sg.aws_security_group.public-instance-sg",
            "module.vpc.aws_subnet.subnets",
            "module.vpc.aws_vpc.vpc",
            "module.vpc.data.aws_availability_zones.available"
          ]
        }
      ]
    },
    {
      "module": "module.ec2",
      "mode": "managed",
      "type": "aws_key_pair",
      "name": "rsa-key",
      "provider": "provider[\"registry.terraform.io/hashicorp/aws\"]",
      "instances": [
        {
          "schema_version": 1,
          "attributes": {
            "arn": "arn:aws:ec2:us-east-1:596459525166:key-pair/darksied-key",
            "fingerprint": "36:73:b0:8c:b9:25:9f:7f:07:bb:bb:de:16:44:59:5e",
            "id": "darksied-key",
            "key_name": "darksied-key",
            "key_name_prefix": "",
            "key_pair_id": "key-0900ee6c6114dd35b",
            "key_type": "rsa",
            "public_key": "ssh-rsa AAAAB3NzaC1yc2EAAAADAQABAAACAQCuoFi9hFI4HcYCsyrZh3qWVHrsEAPbO4rrnxGgRQElD2rtLuG1YpjBs0AWriBtbTO/nmVadxM+E/C9yIdFm9hoiNNOfpz6Q5VdgwH8mqjlYwX+/IeScpPnOf4tIq2c61D7TNfyghwMmLvB+1wb0X9ymnkx7xAHXdl2t3dxHcf6rbrd5u8dlm7hybVFu/0pjSuAT7G8kxGgaq5dtvxfLg8NjMUiU3FvkWaJtoF2uFhua+TGF1X6vE+g+OKZ95N/vDIj360NHp+lDzhX/1jim2BykrwRJzSKIkehJHCT2+yFVwNxam7lcwJ1r02EF3WdNV1+4HSgk8wxDaSeJgT+laqtweuI98jpLpEaGiZ5FtiGICWZy4r5ROKFuGL6Z8nPjGwwxHyWf0+/3wbpemclo08/13Z/YS3s7FWc1QzJ6Up5kzlK22fXEkwBZBVpUUyIN0GnYNbm0CNWTzwqaNmD0PC6wqZLpgWfrEKRAeaBgHBPpE0xnuX4Ecj8zkYDb50PR9FA0hDfgcLr0xzwPsYdG1NguolZYu8/sEU721Kx2kJgm7+AHVfvUhsb+adlGOde1RzCGUdUE9yvh7H8XA5RzRAsQB8qekm8F+EDcLmjUptzzqAhialj+uch/erlZKncO0/VnNyWpFiHWRj9bEM5uIH6b9AJe8TI1GUedoBSP/z1ZQ==",
            "tags": null,
            "tags_all": {}
          },
          "sensitive_attributes": [],
          "private": "eyJzY2hlbWFfdmVyc2lvbiI6IjEifQ==",
          "dependencies": [
            "module.ec2.tls_private_key.rsa-key"
          ]
        }
      ]
    },
    {
      "module": "module.ec2",
      "mode": "managed",
      "type": "local_file",
      "name": "rsa-key",
      "provider": "provider[\"registry.terraform.io/hashicorp/local\"]",
      "instances": [
        {
          "schema_version": 0,
          "attributes": {
            "content": "-----BEGIN RSA PRIVATE KEY-----\nMIIJKQIBAAKCAgEArqBYvYRSOB3GArMq2Yd6llR67BAD2zuK658RoEUBJQ9q7S7h\ntWKYwbNAFq4gbW0zv55lWncTPhPwvciHRZvYaIjTTn6c+kOVXYMB/Jqo5WMF/vyH\nknKT5zn+LSKtnOtQ+0zX8oIcDJi7wftcG9F/cpp5Me8QB13Zdrd3cR3H+q263ebv\nHZZu4cm1Rbv9KY0rgE+xvJMRoGquXbb8Xy4PDYzFIlNxb5FmibaBdrhYbmvkxhdV\n+rxPoPjimfeTf7wyI9+tDR6fpQ84V/9Y4ptgcpK8ESc0iiJHoSRwk9vshVcDcWpu\n5XMCda9NhBd1nTVdfuB0oJPMMQ2kniYE/pWqrcHriPfI6S6RGhomeRbYhiAlmcuK\n+UTihbhi+mfJz4xsMMR8ln9Pv98G6XpnJaNPP9d2f2Et7OxVnNUMyelKeZM5Sttn\n1xJMAWQVaVFMiDdBp2DW5tAjVk88KmjZg9DwusKmS6YFn6xCkQHmgYBwT6RNMZ7l\n+BHI/M5GA2+dD0fRQNIQ34HC69Mc8D7GHRtTYLqJWWLvP7BFO9tSsdpCYJu/gB1X\n71IbG/mnZRjnXtUcwhlHVBPcr4ex/FwOUc0QLEAfKnpJvBfhA3C5o1Kbc86gIYmp\nY/rnIf3q5WSp3DtP1ZzclqRYh1kY/WxDObiB+m/QCXvEyNRlHnaAUj/89WUCAwEA\nAQKCAgAiqb+Ttv1fGEHi7U+3KFZkGtbfnvo0/WfBB61HBAuLILlX5XN2PuEVqhAx\nsFTNg9y+z6FMyNAwBWNHONPpNFtLvMU9EpL0do/ipQuy6bxW9EYPbG842beUMYXL\nzdNqj6deis1e3QbWVUcH5W5OM1K6HAGssMicvbtZ/mceNAwrLWsnexzB4ceW2CQ8\neGlzYwtch/U++m6ISkTcY2NLPWhNh0DmZGvi+pjBA1JFj6g2GwKpc55kjBa+XEkW\nyPclZuUJC/Bc51RHPnMvvIcXTEJj286rFP4v4UgYq5QRNZmIilIrpDXpI+A8HhUk\nAEgfcaVidwmPimcA4bVokyFwq6LaUObXqd8Qnuxslio8YFDs5rXnB3H8mQHUTkFp\nSK4gVweK0ob2ROf9JdmyICcIAU7RaDzF5hboXdV6p0LYqhy100e+MX5fHRczJxca\nHZyBhIJ/M3hHNE5uG3NOBaMnnBB0XCLBITlNCGiNexDpcQSGCCIiuto4D3Xz0+/h\nZPiV2oDOxt3jHKhi1G66kmA26KA1HmdU0VFmNOq80FU7b7ekacDVQ6yCvLmaR2So\n0iaPQSTKziLvFMGmCbNdGWBL7m0jPHNqj05DPwE4jheKhQvunJHbFYSAtSXvf29D\n/oTibMfXV27wvGOAfRW66CHPp+HSnOVUmLy4jjk1u+g8xee6bQKCAQEA2dMZZeWn\neSv9P53zYaC0Ccb1xcoNfQX0xe/hTHXBuk5r1GtfgbFQMEdQWXWdqZ4c4M4i7yjv\nrTj+SlYO+7R4xb5A6gDAD5drMVzD/MENCZ7tpEa4qXtBC1okX5bwFDD1kXn7XQlQ\nhBwArFnGx8gQRjT165FzVK4O/hZWohgT8WI06RGHgbZVcl6oMGD35/Fjz2efPZUD\ngOm3nePFBRRIprGcbYI4Gto5pUcIy3nqW2Vf04Uxf9Egr6o1q1A9NeWlkaL0f6z7\nfD6mko9kqwk5gDZNohlk+1hNHJWTObMDdbOHoTZXpRa++zrcmM1T8xzjiCSVYb2V\nXPbK50CWC71x5wKCAQEAzTseQ2AHjuwZM5U0U16kda1ra3Pl1n5+9YZpc/kFHqYl\nPm6YG4uLLUkS7EzHMkCAW4Hi+LlQ07VlH+NX3cvYYgEPoB5dfZKs8OQcqtztv0wG\n5bi5ixWHG9QkDBwo0ZZqwcUS8nMu3q24HL/TLu1Ce8lYE9DUmeFN2O3m/t++Suii\nttzd+0v7h6gfiSep250RgpHuPgZ46D1kz81tPLVDjrNY8TExnNQAejhATa0HYfaX\nwrQUiKgRDQRlNRLowHhmu0N1EwRyu+/78bQ9Q/fvFaGVkyYo4aI41zQTQmJfSEWU\nCKG8gFMkRjWov9iwT2RfDXQ0rQqUe8jZZFmZaMzM0wKCAQB7LrxgOZ2aEtxmy6ZF\ngaIPHWsD7Z3vJB0mit+4Y6eo+oxUVlxudZ3Jj6rKzI7ay0W9hBWRdm8EYQS9eSmE\nAq2B9nOzYbU7m//MrI9RMsNyu2Pc0PnBLqi8CMAlJrCiWoWlPXx/QrM74rImxaZ6\neJNrgKvKCjlUnBJycqOPi1pL2aPeYkFlg32S7iDjKxNHIeW19v3Az7JphsKGEbbr\nhmsHic3SyB9+YAbVhvRcTZfRE+U7M0mo5NU9Ql6TgQ78meAmGid2xJZ7ztpYa6sc\nZl0UOqFwmDfZRDhnf9cAfFHqkBqVeqvZ+qEKZmE2MHfXNnEeHsIzwgjjx9U7LfUs\nsnflAoIBAQCUPk7G5hevkjVGAFGSovtykTjVnhr4C9lTKqsDfW3ITMT8StCOnQaE\nSJNlorQERXkyICk99kY/FnkcRpCSgosjh5as1yI68XcAbhWTChClrJoS15MWtw8n\n992t7a1Cbz9gBiWAgdjqOluSULGP5Quv9KktbxwSpx8fQgEoO5/t5gqawgGKYsEm\npTdaUA8utk8OnLCVlwFA6A/o1n9AacKJ0ly9pAYtPSm3Hui78u8xQPkwR/nJGHVw\njKs6YhVD6fRy8fAgM4dY36mCVuomLXJCkrxDVT4UdaRPNqtuuTYQM0oRzhomK2g5\nWssxAKmiP2M1ian/EHRe0Z7OELZyb/THAoIBAQCSI/QtetrM+R7kbA3k4lqB+g5F\nhZWqhGLXCuhA9+gQz6XyszqvhUGMJSfHeI4g1x92zam7Rvj7PsW/BkZ5ZXCR5cXq\n1/cz0OvaOFCDNloD7E6W+qc066tibYC40cpUqHkuJWZfiVfPq7YEWwIWG5eVpyag\nu9KO29AO9YcEuE0btZdrb6wo8/iR/ken9j8obO+jGQ4Nx1sKxcGGlosSfjy8Z0rp\n2gKLDFBnNwp6GX7S8opw0C9WBvBU/vJRHYr61Xlz7wRvPuhkHOXyzu+1o/gjLhEE\nIV2TfBovAif8f+4ODzV/9myju9ccW7Tc/VdtnNGmAUQA+B+FPezaFBvYq8qi\n-----END RSA PRIVATE KEY-----\n",
            "content_base64": null,
            "content_base64sha256": "p+r5Z3iytzWpMPZmq8JKHlWGmABgaZxUdPcx3pJLbsM=",
            "content_base64sha512": "4HFxsPC6nEufU1n4D5dHWCau4hUkR2cNLe1FEfn/b7nn8Jlcn+mVgJrheSn/AQQqjbQ+sUL6+KDV5jOpnI1GqQ==",
            "content_md5": "4fa29ec039fd41fca5f602b2a32c39ff",
            "content_sha1": "c39977fbf5becfff62421b862e6bf7739175ae67",
            "content_sha256": "a7eaf96778b2b735a930f666abc24a1e5586980060699c5474f731de924b6ec3",
            "content_sha512": "e07171b0f0ba9c4b9f5359f80f97475826aee2152447670d2ded4511f9ff6fb9e7f0995c9fe995809ae17929ff01042a8db43eb142faf8a0d5e633a99c8d46a9",
            "directory_permission": "0777",
            "file_permission": "0777",
            "filename": "darksied-key.pem",
            "id": "c39977fbf5becfff62421b862e6bf7739175ae67",
            "sensitive_content": null,
            "source": null
          },
          "sensitive_attributes": [
            [
              {
                "type": "get_attr",
                "value": "content"
              }
            ]
          ],
          "dependencies": [
            "module.ec2.tls_private_key.rsa-key"
          ]
        }
      ]
    },
    {
      "module": "module.ec2",
      "mode": "managed",
      "type": "null_resource",
      "name": "ansible_inventory",
      "provider": "provider[\"registry.terraform.io/hashicorp/null\"]",
      "instances": [
        {
          "schema_version": 0,
          "attributes": {
            "id": "7439229803824684206",
            "triggers": null
          },
          "sensitive_attributes": [],
          "dependencies": [
            "module.ec2.aws_instance.ec2",
            "module.ec2.aws_key_pair.rsa-key",
            "module.ec2.data.aws_ami.ubuntu",
            "module.ec2.tls_private_key.rsa-key",
            "module.sg.aws_security_group.public-instance-sg",
            "module.vpc.aws_subnet.subnets",
            "module.vpc.aws_vpc.vpc",
            "module.vpc.data.aws_availability_zones.available"
          ]
        }
      ]
    },
    {
      "module": "module.ec2",
      "mode": "managed",
      "type": "tls_private_key",
      "name": "rsa-key",
      "provider": "provider[\"registry.terraform.io/hashicorp/tls\"]",
      "instances": [
        {
          "schema_version": 1,
          "attributes": {
            "algorithm": "RSA",
            "ecdsa_curve": "P224",
            "id": "e34f1ae51df5d102ceebcab04df9f2f1f6567ea9",
            "private_key_openssh": "-----BEGIN OPENSSH PRIVATE KEY-----\nb3BlbnNzaC1rZXktdjEAAAAABG5vbmUAAAAEbm9uZQAAAAAAAAABAAACFwAAAAdz\nc2gtcnNhAAAAAwEAAQAAAgEArqBYvYRSOB3GArMq2Yd6llR67BAD2zuK658RoEUB\nJQ9q7S7htWKYwbNAFq4gbW0zv55lWncTPhPwvciHRZvYaIjTTn6c+kOVXYMB/Jqo\n5WMF/vyHknKT5zn+LSKtnOtQ+0zX8oIcDJi7wftcG9F/cpp5Me8QB13Zdrd3cR3H\n+q263ebvHZZu4cm1Rbv9KY0rgE+xvJMRoGquXbb8Xy4PDYzFIlNxb5FmibaBdrhY\nbmvkxhdV+rxPoPjimfeTf7wyI9+tDR6fpQ84V/9Y4ptgcpK8ESc0iiJHoSRwk9vs\nhVcDcWpu5XMCda9NhBd1nTVdfuB0oJPMMQ2kniYE/pWqrcHriPfI6S6RGhomeRbY\nhiAlmcuK+UTihbhi+mfJz4xsMMR8ln9Pv98G6XpnJaNPP9d2f2Et7OxVnNUMyelK\neZM5Sttn1xJMAWQVaVFMiDdBp2DW5tAjVk88KmjZg9DwusKmS6YFn6xCkQHmgYBw\nT6RNMZ7l+BHI/M5GA2+dD0fRQNIQ34HC69Mc8D7GHRtTYLqJWWLvP7BFO9tSsdpC\nYJu/gB1X71IbG/mnZRjnXtUcwhlHVBPcr4ex/FwOUc0QLEAfKnpJvBfhA3C5o1Kb\nc86gIYmpY/rnIf3q5WSp3DtP1ZzclqRYh1kY/WxDObiB+m/QCXvEyNRlHnaAUj/8\n9WUAAAc4MNeTmjDXk5oAAAAHc3NoLXJzYQAAAgEArqBYvYRSOB3GArMq2Yd6llR6\n7BAD2zuK658RoEUBJQ9q7S7htWKYwbNAFq4gbW0zv55lWncTPhPwvciHRZvYaIjT\nTn6c+kOVXYMB/Jqo5WMF/vyHknKT5zn+LSKtnOtQ+0zX8oIcDJi7wftcG9F/cpp5\nMe8QB13Zdrd3cR3H+q263ebvHZZu4cm1Rbv9KY0rgE+xvJMRoGquXbb8Xy4PDYzF\nIlNxb5FmibaBdrhYbmvkxhdV+rxPoPjimfeTf7wyI9+tDR6fpQ84V/9Y4ptgcpK8\nESc0iiJHoSRwk9vshVcDcWpu5XMCda9NhBd1nTVdfuB0oJPMMQ2kniYE/pWqrcHr\niPfI6S6RGhomeRbYhiAlmcuK+UTihbhi+mfJz4xsMMR8ln9Pv98G6XpnJaNPP9d2\nf2Et7OxVnNUMyelKeZM5Sttn1xJMAWQVaVFMiDdBp2DW5tAjVk88KmjZg9DwusKm\nS6YFn6xCkQHmgYBwT6RNMZ7l+BHI/M5GA2+dD0fRQNIQ34HC69Mc8D7GHRtTYLqJ\nWWLvP7BFO9tSsdpCYJu/gB1X71IbG/mnZRjnXtUcwhlHVBPcr4ex/FwOUc0QLEAf\nKnpJvBfhA3C5o1Kbc86gIYmpY/rnIf3q5WSp3DtP1ZzclqRYh1kY/WxDObiB+m/Q\nCXvEyNRlHnaAUj/89WUAAAADAQABAAACACKpv5O2/V8YQeLtT7coVmQa1t+e+jT9\nZ8EHrUcEC4sguVflc3Y+4RWqEDGwVM2D3L7PoUzI0DAFY0c40+k0W0u8xT0SkvR2\nj+KlC7LpvFb0Rg9sbzjZt5QxhcvN02qPp16KzV7dBtZVRwflbk4zUrocAaywyJy9\nu1n+Zx40DCstayd7HMHhx5bYJDx4aXNjC1yH9T76bohKRNxjY0s9aE2HQOZka+L6\nmMEDUkWPqDYbAqlznmSMFr5cSRbI9yVm5QkL8FznVEc+cy+8hxdMQmPbzqsU/i/h\nSBirlBE1mYiKUiukNekj4DweFSQASB9xpWJ3CY+KZwDhtWiTIXCrotpQ5tep3xCe\n7GyWKjxgUOzmtecHcfyZAdROQWlIriBXB4rShvZE5/0l2bIgJwgBTtFoPMXmFuhd\n1XqnQtiqHLXTR74xfl8dFzMnFxodnIGEgn8zeEc0Tm4bc04FoyecEHRcIsEhOU0I\naI17EOlxBIYIIiK62jgPdfPT7+Fk+JXagM7G3eMcqGLUbrqSYDbooDUeZ1TRUWY0\n6rzQVTtvt6RpwNVDrIK8uZpHZKjSJo9BJMrOIu8UwaYJs10ZYEvubSM8c2qPTkM/\nATiOF4qFC+6ckdsVhIC1Je9/b0P+hOJsx9dXbvC8Y4B9FbroIc+n4dKc5VSYvLiO\nOTW76DzF57ptAAABAQCSI/QtetrM+R7kbA3k4lqB+g5FhZWqhGLXCuhA9+gQz6Xy\nszqvhUGMJSfHeI4g1x92zam7Rvj7PsW/BkZ5ZXCR5cXq1/cz0OvaOFCDNloD7E6W\n+qc066tibYC40cpUqHkuJWZfiVfPq7YEWwIWG5eVpyagu9KO29AO9YcEuE0btZdr\nb6wo8/iR/ken9j8obO+jGQ4Nx1sKxcGGlosSfjy8Z0rp2gKLDFBnNwp6GX7S8opw\n0C9WBvBU/vJRHYr61Xlz7wRvPuhkHOXyzu+1o/gjLhEEIV2TfBovAif8f+4ODzV/\n9myju9ccW7Tc/VdtnNGmAUQA+B+FPezaFBvYq8qiAAABAQDZ0xll5ad5K/0/nfNh\noLQJxvXFyg19BfTF7+FMdcG6TmvUa1+BsVAwR1BZdZ2pnhzgziLvKO+tOP5KVg77\ntHjFvkDqAMAPl2sxXMP8wQ0Jnu2kRripe0ELWiRflvAUMPWReftdCVCEHACsWcbH\nyBBGNPXrkXNUrg7+FlaiGBPxYjTpEYeBtlVyXqgwYPfn8WPPZ589lQOA6bed48UF\nFEimsZxtgjga2jmlRwjLeepbZV/ThTF/0SCvqjWrUD015aWRovR/rPt8PqaSj2Sr\nCTmANk2iGWT7WE0clZM5swN1s4ehNlelFr77OtyYzVPzHOOIJJVhvZVc9srnQJYL\nvXHnAAABAQDNOx5DYAeO7BkzlTRTXqR1rWtrc+XWfn71hmlz+QUepiU+bpgbi4st\nSRLsTMcyQIBbgeL4uVDTtWUf41fdy9hiAQ+gHl19kqzw5Byq3O2/TAbluLmLFYcb\n1CQMHCjRlmrBxRLycy7erbgcv9Mu7UJ7yVgT0NSZ4U3Y7eb+375K6KK23N37S/uH\nqB+JJ6nbnRGCke4+BnjoPWTPzW08tUOOs1jxMTGc1AB6OEBNrQdh9pfCtBSIqBEN\nBGU1EujAeGa7Q3UTBHK77/vxtD1D9+8VoZWTJijhojjXNBNCYl9IRZQIobyAUyRG\nNai/2LBPZF8NdDStCpR7yNlkWZlozMzTAAAAAAEC\n-----END OPENSSH PRIVATE KEY-----\n",
            "private_key_pem": "-----BEGIN RSA PRIVATE KEY-----\nMIIJKQIBAAKCAgEArqBYvYRSOB3GArMq2Yd6llR67BAD2zuK658RoEUBJQ9q7S7h\ntWKYwbNAFq4gbW0zv55lWncTPhPwvciHRZvYaIjTTn6c+kOVXYMB/Jqo5WMF/vyH\nknKT5zn+LSKtnOtQ+0zX8oIcDJi7wftcG9F/cpp5Me8QB13Zdrd3cR3H+q263ebv\nHZZu4cm1Rbv9KY0rgE+xvJMRoGquXbb8Xy4PDYzFIlNxb5FmibaBdrhYbmvkxhdV\n+rxPoPjimfeTf7wyI9+tDR6fpQ84V/9Y4ptgcpK8ESc0iiJHoSRwk9vshVcDcWpu\n5XMCda9NhBd1nTVdfuB0oJPMMQ2kniYE/pWqrcHriPfI6S6RGhomeRbYhiAlmcuK\n+UTihbhi+mfJz4xsMMR8ln9Pv98G6XpnJaNPP9d2f2Et7OxVnNUMyelKeZM5Sttn\n1xJMAWQVaVFMiDdBp2DW5tAjVk88KmjZg9DwusKmS6YFn6xCkQHmgYBwT6RNMZ7l\n+BHI/M5GA2+dD0fRQNIQ34HC69Mc8D7GHRtTYLqJWWLvP7BFO9tSsdpCYJu/gB1X\n71IbG/mnZRjnXtUcwhlHVBPcr4ex/FwOUc0QLEAfKnpJvBfhA3C5o1Kbc86gIYmp\nY/rnIf3q5WSp3DtP1ZzclqRYh1kY/WxDObiB+m/QCXvEyNRlHnaAUj/89WUCAwEA\nAQKCAgAiqb+Ttv1fGEHi7U+3KFZkGtbfnvo0/WfBB61HBAuLILlX5XN2PuEVqhAx\nsFTNg9y+z6FMyNAwBWNHONPpNFtLvMU9EpL0do/ipQuy6bxW9EYPbG842beUMYXL\nzdNqj6deis1e3QbWVUcH5W5OM1K6HAGssMicvbtZ/mceNAwrLWsnexzB4ceW2CQ8\neGlzYwtch/U++m6ISkTcY2NLPWhNh0DmZGvi+pjBA1JFj6g2GwKpc55kjBa+XEkW\nyPclZuUJC/Bc51RHPnMvvIcXTEJj286rFP4v4UgYq5QRNZmIilIrpDXpI+A8HhUk\nAEgfcaVidwmPimcA4bVokyFwq6LaUObXqd8Qnuxslio8YFDs5rXnB3H8mQHUTkFp\nSK4gVweK0ob2ROf9JdmyICcIAU7RaDzF5hboXdV6p0LYqhy100e+MX5fHRczJxca\nHZyBhIJ/M3hHNE5uG3NOBaMnnBB0XCLBITlNCGiNexDpcQSGCCIiuto4D3Xz0+/h\nZPiV2oDOxt3jHKhi1G66kmA26KA1HmdU0VFmNOq80FU7b7ekacDVQ6yCvLmaR2So\n0iaPQSTKziLvFMGmCbNdGWBL7m0jPHNqj05DPwE4jheKhQvunJHbFYSAtSXvf29D\n/oTibMfXV27wvGOAfRW66CHPp+HSnOVUmLy4jjk1u+g8xee6bQKCAQEA2dMZZeWn\neSv9P53zYaC0Ccb1xcoNfQX0xe/hTHXBuk5r1GtfgbFQMEdQWXWdqZ4c4M4i7yjv\nrTj+SlYO+7R4xb5A6gDAD5drMVzD/MENCZ7tpEa4qXtBC1okX5bwFDD1kXn7XQlQ\nhBwArFnGx8gQRjT165FzVK4O/hZWohgT8WI06RGHgbZVcl6oMGD35/Fjz2efPZUD\ngOm3nePFBRRIprGcbYI4Gto5pUcIy3nqW2Vf04Uxf9Egr6o1q1A9NeWlkaL0f6z7\nfD6mko9kqwk5gDZNohlk+1hNHJWTObMDdbOHoTZXpRa++zrcmM1T8xzjiCSVYb2V\nXPbK50CWC71x5wKCAQEAzTseQ2AHjuwZM5U0U16kda1ra3Pl1n5+9YZpc/kFHqYl\nPm6YG4uLLUkS7EzHMkCAW4Hi+LlQ07VlH+NX3cvYYgEPoB5dfZKs8OQcqtztv0wG\n5bi5ixWHG9QkDBwo0ZZqwcUS8nMu3q24HL/TLu1Ce8lYE9DUmeFN2O3m/t++Suii\nttzd+0v7h6gfiSep250RgpHuPgZ46D1kz81tPLVDjrNY8TExnNQAejhATa0HYfaX\nwrQUiKgRDQRlNRLowHhmu0N1EwRyu+/78bQ9Q/fvFaGVkyYo4aI41zQTQmJfSEWU\nCKG8gFMkRjWov9iwT2RfDXQ0rQqUe8jZZFmZaMzM0wKCAQB7LrxgOZ2aEtxmy6ZF\ngaIPHWsD7Z3vJB0mit+4Y6eo+oxUVlxudZ3Jj6rKzI7ay0W9hBWRdm8EYQS9eSmE\nAq2B9nOzYbU7m//MrI9RMsNyu2Pc0PnBLqi8CMAlJrCiWoWlPXx/QrM74rImxaZ6\neJNrgKvKCjlUnBJycqOPi1pL2aPeYkFlg32S7iDjKxNHIeW19v3Az7JphsKGEbbr\nhmsHic3SyB9+YAbVhvRcTZfRE+U7M0mo5NU9Ql6TgQ78meAmGid2xJZ7ztpYa6sc\nZl0UOqFwmDfZRDhnf9cAfFHqkBqVeqvZ+qEKZmE2MHfXNnEeHsIzwgjjx9U7LfUs\nsnflAoIBAQCUPk7G5hevkjVGAFGSovtykTjVnhr4C9lTKqsDfW3ITMT8StCOnQaE\nSJNlorQERXkyICk99kY/FnkcRpCSgosjh5as1yI68XcAbhWTChClrJoS15MWtw8n\n992t7a1Cbz9gBiWAgdjqOluSULGP5Quv9KktbxwSpx8fQgEoO5/t5gqawgGKYsEm\npTdaUA8utk8OnLCVlwFA6A/o1n9AacKJ0ly9pAYtPSm3Hui78u8xQPkwR/nJGHVw\njKs6YhVD6fRy8fAgM4dY36mCVuomLXJCkrxDVT4UdaRPNqtuuTYQM0oRzhomK2g5\nWssxAKmiP2M1ian/EHRe0Z7OELZyb/THAoIBAQCSI/QtetrM+R7kbA3k4lqB+g5F\nhZWqhGLXCuhA9+gQz6XyszqvhUGMJSfHeI4g1x92zam7Rvj7PsW/BkZ5ZXCR5cXq\n1/cz0OvaOFCDNloD7E6W+qc066tibYC40cpUqHkuJWZfiVfPq7YEWwIWG5eVpyag\nu9KO29AO9YcEuE0btZdrb6wo8/iR/ken9j8obO+jGQ4Nx1sKxcGGlosSfjy8Z0rp\n2gKLDFBnNwp6GX7S8opw0C9WBvBU/vJRHYr61Xlz7wRvPuhkHOXyzu+1o/gjLhEE\nIV2TfBovAif8f+4ODzV/9myju9ccW7Tc/VdtnNGmAUQA+B+FPezaFBvYq8qi\n-----END RSA PRIVATE KEY-----\n",
            "private_key_pem_pkcs8": "-----BEGIN PRIVATE KEY-----\nMIIJQwIBADANBgkqhkiG9w0BAQEFAASCCS0wggkpAgEAAoICAQCuoFi9hFI4HcYC\nsyrZh3qWVHrsEAPbO4rrnxGgRQElD2rtLuG1YpjBs0AWriBtbTO/nmVadxM+E/C9\nyIdFm9hoiNNOfpz6Q5VdgwH8mqjlYwX+/IeScpPnOf4tIq2c61D7TNfyghwMmLvB\n+1wb0X9ymnkx7xAHXdl2t3dxHcf6rbrd5u8dlm7hybVFu/0pjSuAT7G8kxGgaq5d\ntvxfLg8NjMUiU3FvkWaJtoF2uFhua+TGF1X6vE+g+OKZ95N/vDIj360NHp+lDzhX\n/1jim2BykrwRJzSKIkehJHCT2+yFVwNxam7lcwJ1r02EF3WdNV1+4HSgk8wxDaSe\nJgT+laqtweuI98jpLpEaGiZ5FtiGICWZy4r5ROKFuGL6Z8nPjGwwxHyWf0+/3wbp\nemclo08/13Z/YS3s7FWc1QzJ6Up5kzlK22fXEkwBZBVpUUyIN0GnYNbm0CNWTzwq\naNmD0PC6wqZLpgWfrEKRAeaBgHBPpE0xnuX4Ecj8zkYDb50PR9FA0hDfgcLr0xzw\nPsYdG1NguolZYu8/sEU721Kx2kJgm7+AHVfvUhsb+adlGOde1RzCGUdUE9yvh7H8\nXA5RzRAsQB8qekm8F+EDcLmjUptzzqAhialj+uch/erlZKncO0/VnNyWpFiHWRj9\nbEM5uIH6b9AJe8TI1GUedoBSP/z1ZQIDAQABAoICACKpv5O2/V8YQeLtT7coVmQa\n1t+e+jT9Z8EHrUcEC4sguVflc3Y+4RWqEDGwVM2D3L7PoUzI0DAFY0c40+k0W0u8\nxT0SkvR2j+KlC7LpvFb0Rg9sbzjZt5QxhcvN02qPp16KzV7dBtZVRwflbk4zUroc\nAaywyJy9u1n+Zx40DCstayd7HMHhx5bYJDx4aXNjC1yH9T76bohKRNxjY0s9aE2H\nQOZka+L6mMEDUkWPqDYbAqlznmSMFr5cSRbI9yVm5QkL8FznVEc+cy+8hxdMQmPb\nzqsU/i/hSBirlBE1mYiKUiukNekj4DweFSQASB9xpWJ3CY+KZwDhtWiTIXCrotpQ\n5tep3xCe7GyWKjxgUOzmtecHcfyZAdROQWlIriBXB4rShvZE5/0l2bIgJwgBTtFo\nPMXmFuhd1XqnQtiqHLXTR74xfl8dFzMnFxodnIGEgn8zeEc0Tm4bc04FoyecEHRc\nIsEhOU0IaI17EOlxBIYIIiK62jgPdfPT7+Fk+JXagM7G3eMcqGLUbrqSYDbooDUe\nZ1TRUWY06rzQVTtvt6RpwNVDrIK8uZpHZKjSJo9BJMrOIu8UwaYJs10ZYEvubSM8\nc2qPTkM/ATiOF4qFC+6ckdsVhIC1Je9/b0P+hOJsx9dXbvC8Y4B9FbroIc+n4dKc\n5VSYvLiOOTW76DzF57ptAoIBAQDZ0xll5ad5K/0/nfNhoLQJxvXFyg19BfTF7+FM\ndcG6TmvUa1+BsVAwR1BZdZ2pnhzgziLvKO+tOP5KVg77tHjFvkDqAMAPl2sxXMP8\nwQ0Jnu2kRripe0ELWiRflvAUMPWReftdCVCEHACsWcbHyBBGNPXrkXNUrg7+Flai\nGBPxYjTpEYeBtlVyXqgwYPfn8WPPZ589lQOA6bed48UFFEimsZxtgjga2jmlRwjL\neepbZV/ThTF/0SCvqjWrUD015aWRovR/rPt8PqaSj2SrCTmANk2iGWT7WE0clZM5\nswN1s4ehNlelFr77OtyYzVPzHOOIJJVhvZVc9srnQJYLvXHnAoIBAQDNOx5DYAeO\n7BkzlTRTXqR1rWtrc+XWfn71hmlz+QUepiU+bpgbi4stSRLsTMcyQIBbgeL4uVDT\ntWUf41fdy9hiAQ+gHl19kqzw5Byq3O2/TAbluLmLFYcb1CQMHCjRlmrBxRLycy7e\nrbgcv9Mu7UJ7yVgT0NSZ4U3Y7eb+375K6KK23N37S/uHqB+JJ6nbnRGCke4+Bnjo\nPWTPzW08tUOOs1jxMTGc1AB6OEBNrQdh9pfCtBSIqBENBGU1EujAeGa7Q3UTBHK7\n7/vxtD1D9+8VoZWTJijhojjXNBNCYl9IRZQIobyAUyRGNai/2LBPZF8NdDStCpR7\nyNlkWZlozMzTAoIBAHsuvGA5nZoS3GbLpkWBog8dawPtne8kHSaK37hjp6j6jFRW\nXG51ncmPqsrMjtrLRb2EFZF2bwRhBL15KYQCrYH2c7NhtTub/8ysj1Eyw3K7Y9zQ\n+cEuqLwIwCUmsKJahaU9fH9CszvisibFpnp4k2uAq8oKOVScEnJyo4+LWkvZo95i\nQWWDfZLuIOMrE0ch5bX2/cDPsmmGwoYRtuuGaweJzdLIH35gBtWG9FxNl9ET5Tsz\nSajk1T1CXpOBDvyZ4CYaJ3bElnvO2lhrqxxmXRQ6oXCYN9lEOGd/1wB8UeqQGpV6\nq9n6oQpmYTYwd9c2cR4ewjPCCOPH1Tst9Syyd+UCggEBAJQ+TsbmF6+SNUYAUZKi\n+3KRONWeGvgL2VMqqwN9bchMxPxK0I6dBoRIk2WitARFeTIgKT32Rj8WeRxGkJKC\niyOHlqzXIjrxdwBuFZMKEKWsmhLXkxa3Dyf33a3trUJvP2AGJYCB2Oo6W5JQsY/l\nC6/0qS1vHBKnHx9CASg7n+3mCprCAYpiwSalN1pQDy62Tw6csJWXAUDoD+jWf0Bp\nwonSXL2kBi09Kbce6Lvy7zFA+TBH+ckYdXCMqzpiFUPp9HLx8CAzh1jfqYJW6iYt\nckKSvENVPhR1pE82q265NhAzShHOGiYraDlayzEAqaI/YzWJqf8QdF7Rns4QtnJv\n9McCggEBAJIj9C162sz5HuRsDeTiWoH6DkWFlaqEYtcK6ED36BDPpfKzOq+FQYwl\nJ8d4jiDXH3bNqbtG+Ps+xb8GRnllcJHlxerX9zPQ69o4UIM2WgPsTpb6pzTrq2Jt\ngLjRylSoeS4lZl+JV8+rtgRbAhYbl5WnJqC70o7b0A71hwS4TRu1l2tvrCjz+JH+\nR6f2Pyhs76MZDg3HWwrFwYaWixJ+PLxnSunaAosMUGc3CnoZftLyinDQL1YG8FT+\n8lEdivrVeXPvBG8+6GQc5fLO77Wj+CMuEQQhXZN8Gi8CJ/x/7g4PNX/2bKO71xxb\ntNz9V22c0aYBRAD4H4U97NoUG9iryqI=\n-----END PRIVATE KEY-----\n",
            "public_key_fingerprint_md5": "4f:61:13:4a:c3:55:64:05:1a:1b:84:d3:48:6b:91:d9",
            "public_key_fingerprint_sha256": "SHA256:hFkeKBtx74VDO4ltO3Qe4fWONDL5KHzC/4axzpsaq1M",
            "public_key_openssh": "ssh-rsa AAAAB3NzaC1yc2EAAAADAQABAAACAQCuoFi9hFI4HcYCsyrZh3qWVHrsEAPbO4rrnxGgRQElD2rtLuG1YpjBs0AWriBtbTO/nmVadxM+E/C9yIdFm9hoiNNOfpz6Q5VdgwH8mqjlYwX+/IeScpPnOf4tIq2c61D7TNfyghwMmLvB+1wb0X9ymnkx7xAHXdl2t3dxHcf6rbrd5u8dlm7hybVFu/0pjSuAT7G8kxGgaq5dtvxfLg8NjMUiU3FvkWaJtoF2uFhua+TGF1X6vE+g+OKZ95N/vDIj360NHp+lDzhX/1jim2BykrwRJzSKIkehJHCT2+yFVwNxam7lcwJ1r02EF3WdNV1+4HSgk8wxDaSeJgT+laqtweuI98jpLpEaGiZ5FtiGICWZy4r5ROKFuGL6Z8nPjGwwxHyWf0+/3wbpemclo08/13Z/YS3s7FWc1QzJ6Up5kzlK22fXEkwBZBVpUUyIN0GnYNbm0CNWTzwqaNmD0PC6wqZLpgWfrEKRAeaBgHBPpE0xnuX4Ecj8zkYDb50PR9FA0hDfgcLr0xzwPsYdG1NguolZYu8/sEU721Kx2kJgm7+AHVfvUhsb+adlGOde1RzCGUdUE9yvh7H8XA5RzRAsQB8qekm8F+EDcLmjUptzzqAhialj+uch/erlZKncO0/VnNyWpFiHWRj9bEM5uIH6b9AJe8TI1GUedoBSP/z1ZQ==\n",
            "public_key_pem": "-----BEGIN PUBLIC KEY-----\nMIICIjANBgkqhkiG9w0BAQEFAAOCAg8AMIICCgKCAgEArqBYvYRSOB3GArMq2Yd6\nllR67BAD2zuK658RoEUBJQ9q7S7htWKYwbNAFq4gbW0zv55lWncTPhPwvciHRZvY\naIjTTn6c+kOVXYMB/Jqo5WMF/vyHknKT5zn+LSKtnOtQ+0zX8oIcDJi7wftcG9F/\ncpp5Me8QB13Zdrd3cR3H+q263ebvHZZu4cm1Rbv9KY0rgE+xvJMRoGquXbb8Xy4P\nDYzFIlNxb5FmibaBdrhYbmvkxhdV+rxPoPjimfeTf7wyI9+tDR6fpQ84V/9Y4ptg\ncpK8ESc0iiJHoSRwk9vshVcDcWpu5XMCda9NhBd1nTVdfuB0oJPMMQ2kniYE/pWq\nrcHriPfI6S6RGhomeRbYhiAlmcuK+UTihbhi+mfJz4xsMMR8ln9Pv98G6XpnJaNP\nP9d2f2Et7OxVnNUMyelKeZM5Sttn1xJMAWQVaVFMiDdBp2DW5tAjVk88KmjZg9Dw\nusKmS6YFn6xCkQHmgYBwT6RNMZ7l+BHI/M5GA2+dD0fRQNIQ34HC69Mc8D7GHRtT\nYLqJWWLvP7BFO9tSsdpCYJu/gB1X71IbG/mnZRjnXtUcwhlHVBPcr4ex/FwOUc0Q\nLEAfKnpJvBfhA3C5o1Kbc86gIYmpY/rnIf3q5WSp3DtP1ZzclqRYh1kY/WxDObiB\n+m/QCXvEyNRlHnaAUj/89WUCAwEAAQ==\n-----END PUBLIC KEY-----\n",
            "rsa_bits": 4096
          },
          "sensitive_attributes": []
        }
      ]
    },
    {
      "module": "module.elb",
      "mode": "managed",
      "type": "aws_lb",
      "name": "elb",
      "provider": "provider[\"registry.terraform.io/hashicorp/aws\"]",
      "instances": [
        {
          "schema_version": 0,
          "attributes": {
            "access_logs": [
              {
                "bucket": "",
                "enabled": false,
                "prefix": ""
              }
            ],
            "arn": "arn:aws:elasticloadbalancing:us-east-1:596459525166:loadbalancer/app/darksied-elb/3380038fcb42a1ef",
            "arn_suffix": "app/darksied-elb/3380038fcb42a1ef",
            "connection_logs": [
              {
                "bucket": "",
                "enabled": false,
                "prefix": ""
              }
            ],
            "customer_owned_ipv4_pool": "",
            "desync_mitigation_mode": "defensive",
            "dns_name": "darksied-elb-578155467.us-east-1.elb.amazonaws.com",
            "dns_record_client_routing_policy": null,
            "drop_invalid_header_fields": false,
            "enable_cross_zone_load_balancing": true,
            "enable_deletion_protection": false,
            "enable_http2": true,
            "enable_tls_version_and_cipher_suite_headers": false,
            "enable_waf_fail_open": false,
            "enable_xff_client_port": false,
            "enforce_security_group_inbound_rules_on_private_link_traffic": "",
            "id": "arn:aws:elasticloadbalancing:us-east-1:596459525166:loadbalancer/app/darksied-elb/3380038fcb42a1ef",
            "idle_timeout": 60,
            "internal": false,
            "ip_address_type": "ipv4",
            "load_balancer_type": "application",
            "name": "darksied-elb",
            "name_prefix": "",
            "preserve_host_header": false,
            "security_groups": [
              "sg-09240c3aaf2550b31"
            ],
            "subnet_mapping": [
              {
                "allocation_id": "",
                "ipv6_address": "",
                "outpost_id": "",
                "private_ipv4_address": "",
                "subnet_id": "subnet-019e9bad6b85aaa6d"
              },
              {
                "allocation_id": "",
                "ipv6_address": "",
                "outpost_id": "",
                "private_ipv4_address": "",
                "subnet_id": "subnet-0521ee08dd51f4208"
              },
              {
                "allocation_id": "",
                "ipv6_address": "",
                "outpost_id": "",
                "private_ipv4_address": "",
                "subnet_id": "subnet-063e2ba7e6df9a053"
              }
            ],
            "subnets": [
              "subnet-019e9bad6b85aaa6d",
              "subnet-0521ee08dd51f4208",
              "subnet-063e2ba7e6df9a053"
            ],
            "tags": {
              "Name": "darksied-elb"
            },
            "tags_all": {
              "Name": "darksied-elb"
            },
            "timeouts": null,
            "vpc_id": "vpc-002e950c74c7f1179",
            "xff_header_processing_mode": "append",
            "zone_id": "Z35SXDOTRQ7X7K"
          },
          "sensitive_attributes": [],
          "private": "eyJlMmJmYjczMC1lY2FhLTExZTYtOGY4OC0zNDM2M2JjN2M0YzAiOnsiY3JlYXRlIjo2MDAwMDAwMDAwMDAsImRlbGV0ZSI6NjAwMDAwMDAwMDAwLCJ1cGRhdGUiOjYwMDAwMDAwMDAwMH19",
          "dependencies": [
            "module.sg.aws_security_group.elb-sg",
            "module.vpc.aws_subnet.subnets",
            "module.vpc.aws_vpc.vpc",
            "module.vpc.data.aws_availability_zones.available"
          ]
        }
      ]
    },
    {
      "module": "module.elb",
      "mode": "managed",
      "type": "aws_lb_listener",
      "name": "elb-listener",
      "provider": "provider[\"registry.terraform.io/hashicorp/aws\"]",
      "instances": [
        {
          "schema_version": 0,
          "attributes": {
            "alpn_policy": null,
            "arn": "arn:aws:elasticloadbalancing:us-east-1:596459525166:listener/app/darksied-elb/3380038fcb42a1ef/53ce7d959361ada5",
            "certificate_arn": null,
            "default_action": [
              {
                "authenticate_cognito": [],
                "authenticate_oidc": [],
                "fixed_response": [],
                "forward": [],
                "order": 1,
                "redirect": [],
                "target_group_arn": "arn:aws:elasticloadbalancing:us-east-1:596459525166:targetgroup/darksied-elb-tg/a010b3cd4ef83a44",
                "type": "forward"
              }
            ],
            "id": "arn:aws:elasticloadbalancing:us-east-1:596459525166:listener/app/darksied-elb/3380038fcb42a1ef/53ce7d959361ada5",
            "load_balancer_arn": "arn:aws:elasticloadbalancing:us-east-1:596459525166:loadbalancer/app/darksied-elb/3380038fcb42a1ef",
            "mutual_authentication": [],
            "port": 80,
            "protocol": "HTTP",
            "ssl_policy": "",
            "tags": null,
            "tags_all": {},
            "timeouts": null
          },
          "sensitive_attributes": [],
          "private": "eyJlMmJmYjczMC1lY2FhLTExZTYtOGY4OC0zNDM2M2JjN2M0YzAiOnsiY3JlYXRlIjozMDAwMDAwMDAwMDAsInVwZGF0ZSI6MzAwMDAwMDAwMDAwfX0=",
          "dependencies": [
            "module.elb.aws_lb.elb",
            "module.elb.aws_lb_target_group.elb-tg",
            "module.sg.aws_security_group.elb-sg",
            "module.vpc.aws_subnet.subnets",
            "module.vpc.aws_vpc.vpc",
            "module.vpc.data.aws_availability_zones.available"
          ]
        }
      ]
    },
    {
      "module": "module.elb",
      "mode": "managed",
      "type": "aws_lb_target_group",
      "name": "elb-tg",
      "provider": "provider[\"registry.terraform.io/hashicorp/aws\"]",
      "instances": [
        {
          "schema_version": 0,
          "attributes": {
            "arn": "arn:aws:elasticloadbalancing:us-east-1:596459525166:targetgroup/darksied-elb-tg/a010b3cd4ef83a44",
            "arn_suffix": "targetgroup/darksied-elb-tg/a010b3cd4ef83a44",
            "connection_termination": null,
            "deregistration_delay": "300",
            "health_check": [
              {
                "enabled": true,
                "healthy_threshold": 5,
                "interval": 300,
                "matcher": "200",
                "path": "/",
                "port": "traffic-port",
                "protocol": "HTTP",
                "timeout": 60,
                "unhealthy_threshold": 5
              }
            ],
            "id": "arn:aws:elasticloadbalancing:us-east-1:596459525166:targetgroup/darksied-elb-tg/a010b3cd4ef83a44",
            "ip_address_type": "ipv4",
            "lambda_multi_value_headers_enabled": false,
            "load_balancing_algorithm_type": "round_robin",
            "load_balancing_anomaly_mitigation": "off",
            "load_balancing_cross_zone_enabled": "use_load_balancer_configuration",
            "name": "darksied-elb-tg",
            "name_prefix": "",
            "port": 80,
            "preserve_client_ip": null,
            "protocol": "HTTP",
            "protocol_version": "HTTP1",
            "proxy_protocol_v2": false,
            "slow_start": 0,
            "stickiness": [
              {
                "cookie_duration": 86400,
                "cookie_name": "",
                "enabled": false,
                "type": "lb_cookie"
              }
            ],
            "tags": {
              "Name": "darksied-elb-tg"
            },
            "tags_all": {
              "Name": "darksied-elb-tg"
            },
            "target_failover": [
              {
                "on_deregistration": null,
                "on_unhealthy": null
              }
            ],
            "target_health_state": [
              {
                "enable_unhealthy_connection_termination": null
              }
            ],
            "target_type": "instance",
            "vpc_id": "vpc-002e950c74c7f1179"
          },
          "sensitive_attributes": [],
          "private": "bnVsbA==",
          "dependencies": [
            "module.vpc.aws_vpc.vpc"
          ],
          "create_before_destroy": true
        }
      ]
    },
    {
      "module": "module.elb",
      "mode": "managed",
      "type": "aws_lb_target_group_attachment",
      "name": "elb-tg-attachment",
      "provider": "provider[\"registry.terraform.io/hashicorp/aws\"]",
      "instances": [
        {
          "index_key": 0,
          "schema_version": 0,
          "attributes": {
            "availability_zone": null,
            "id": "arn:aws:elasticloadbalancing:us-east-1:596459525166:targetgroup/darksied-elb-tg/a010b3cd4ef83a44-20240119171104673500000009",
            "port": 80,
            "target_group_arn": "arn:aws:elasticloadbalancing:us-east-1:596459525166:targetgroup/darksied-elb-tg/a010b3cd4ef83a44",
            "target_id": "i-0bf99cb410d1aaf50"
          },
          "sensitive_attributes": [],
          "private": "bnVsbA==",
          "dependencies": [
            "module.ec2.aws_instance.ec2",
            "module.ec2.aws_key_pair.rsa-key",
            "module.ec2.data.aws_ami.ubuntu",
            "module.ec2.tls_private_key.rsa-key",
            "module.elb.aws_lb_target_group.elb-tg",
            "module.sg.aws_security_group.public-instance-sg",
            "module.vpc.aws_subnet.subnets",
            "module.vpc.aws_vpc.vpc",
            "module.vpc.data.aws_availability_zones.available"
          ]
        },
        {
          "index_key": 1,
          "schema_version": 0,
          "attributes": {
            "availability_zone": null,
            "id": "arn:aws:elasticloadbalancing:us-east-1:596459525166:targetgroup/darksied-elb-tg/a010b3cd4ef83a44-20240119171104268700000008",
            "port": 80,
            "target_group_arn": "arn:aws:elasticloadbalancing:us-east-1:596459525166:targetgroup/darksied-elb-tg/a010b3cd4ef83a44",
            "target_id": "i-06537a8bac0329d7e"
          },
          "sensitive_attributes": [],
          "private": "bnVsbA==",
          "dependencies": [
            "module.ec2.aws_instance.ec2",
            "module.ec2.aws_key_pair.rsa-key",
            "module.ec2.data.aws_ami.ubuntu",
            "module.ec2.tls_private_key.rsa-key",
            "module.elb.aws_lb_target_group.elb-tg",
            "module.sg.aws_security_group.public-instance-sg",
            "module.vpc.aws_subnet.subnets",
            "module.vpc.aws_vpc.vpc",
            "module.vpc.data.aws_availability_zones.available"
          ]
        },
        {
          "index_key": 2,
          "schema_version": 0,
          "attributes": {
            "availability_zone": null,
            "id": "arn:aws:elasticloadbalancing:us-east-1:596459525166:targetgroup/darksied-elb-tg/a010b3cd4ef83a44-20240119171103852800000007",
            "port": 80,
            "target_group_arn": "arn:aws:elasticloadbalancing:us-east-1:596459525166:targetgroup/darksied-elb-tg/a010b3cd4ef83a44",
            "target_id": "i-0f0728862bd6fa2c4"
          },
          "sensitive_attributes": [],
          "private": "bnVsbA==",
          "dependencies": [
            "module.ec2.aws_instance.ec2",
            "module.ec2.aws_key_pair.rsa-key",
            "module.ec2.data.aws_ami.ubuntu",
            "module.ec2.tls_private_key.rsa-key",
            "module.elb.aws_lb_target_group.elb-tg",
            "module.sg.aws_security_group.public-instance-sg",
            "module.vpc.aws_subnet.subnets",
            "module.vpc.aws_vpc.vpc",
            "module.vpc.data.aws_availability_zones.available"
          ]
        }
      ]
    },
    {
      "module": "module.elb",
      "mode": "managed",
      "type": "aws_route53_record",
      "name": "route53-record",
      "provider": "provider[\"registry.terraform.io/hashicorp/aws\"]",
      "instances": [
        {
          "schema_version": 2,
          "attributes": {
            "alias": [
              {
                "evaluate_target_health": true,
                "name": "darksied-elb-578155467.us-east-1.elb.amazonaws.com",
                "zone_id": "Z35SXDOTRQ7X7K"
              }
            ],
            "allow_overwrite": null,
            "cidr_routing_policy": [],
            "failover_routing_policy": [],
            "fqdn": "terraform-test.eoyebamiji.com",
            "geolocation_routing_policy": [],
            "health_check_id": "",
            "id": "Z06421751DCVOZ4F3GD2D_terraform-test_A",
            "latency_routing_policy": [],
            "multivalue_answer_routing_policy": false,
            "name": "terraform-test",
            "records": null,
            "set_identifier": "",
            "ttl": 0,
            "type": "A",
            "weighted_routing_policy": [],
            "zone_id": "Z06421751DCVOZ4F3GD2D"
          },
          "sensitive_attributes": [],
          "private": "eyJzY2hlbWFfdmVyc2lvbiI6IjIifQ==",
          "dependencies": [
            "module.elb.aws_lb.elb",
            "module.elb.aws_route53_zone.route53-zone",
            "module.sg.aws_security_group.elb-sg",
            "module.vpc.aws_subnet.subnets",
            "module.vpc.aws_vpc.vpc",
            "module.vpc.data.aws_availability_zones.available"
          ]
        }
      ]
    },
    {
      "module": "module.elb",
      "mode": "managed",
      "type": "aws_route53_zone",
      "name": "route53-zone",
      "provider": "provider[\"registry.terraform.io/hashicorp/aws\"]",
      "instances": [
        {
          "schema_version": 0,
          "attributes": {
            "arn": "arn:aws:route53:::hostedzone/Z06421751DCVOZ4F3GD2D",
            "comment": "Managed by Terraform",
            "delegation_set_id": "",
            "force_destroy": false,
            "id": "Z06421751DCVOZ4F3GD2D",
            "name": "eoyebamiji.com",
            "name_servers": [
              "ns-1257.awsdns-29.org",
              "ns-146.awsdns-18.com",
              "ns-1681.awsdns-18.co.uk",
              "ns-833.awsdns-40.net"
            ],
            "primary_name_server": "ns-833.awsdns-40.net",
            "tags": {
              "Name": "darksied-route53-zone"
            },
            "tags_all": {
              "Name": "darksied-route53-zone"
            },
            "vpc": [],
            "zone_id": "Z06421751DCVOZ4F3GD2D"
          },
          "sensitive_attributes": [],
          "private": "bnVsbA=="
        }
      ]
    },
    {
      "module": "module.s3",
      "mode": "managed",
      "type": "aws_s3_bucket",
      "name": "my_bucket",
      "provider": "provider[\"registry.terraform.io/hashicorp/aws\"]",
      "instances": [
        {
          "schema_version": 0,
          "attributes": {
            "acceleration_status": "",
            "acl": null,
            "arn": "arn:aws:s3:::eoyebamiji-state",
            "bucket": "eoyebamiji-state",
            "bucket_domain_name": "eoyebamiji-state.s3.amazonaws.com",
            "bucket_prefix": "",
            "bucket_regional_domain_name": "eoyebamiji-state.s3.us-east-1.amazonaws.com",
            "cors_rule": [],
            "force_destroy": false,
            "grant": [
              {
                "id": "15314f248cd7d657eff529f03439deb34206939ebb545ce132ccd0417ed45883",
                "permissions": [
                  "FULL_CONTROL"
                ],
                "type": "CanonicalUser",
                "uri": ""
              }
            ],
            "hosted_zone_id": "Z3AQBSTGFYJSTF",
            "id": "eoyebamiji-state",
            "lifecycle_rule": [],
            "logging": [],
            "object_lock_configuration": [],
            "object_lock_enabled": false,
            "policy": "",
            "region": "us-east-1",
            "replication_configuration": [],
            "request_payer": "BucketOwner",
            "server_side_encryption_configuration": [
              {
                "rule": [
                  {
                    "apply_server_side_encryption_by_default": [
                      {
                        "kms_master_key_id": "",
                        "sse_algorithm": "AES256"
                      }
                    ],
                    "bucket_key_enabled": false
                  }
                ]
              }
            ],
            "tags": null,
            "tags_all": {},
            "timeouts": null,
            "versioning": [
              {
                "enabled": false,
                "mfa_delete": false
              }
            ],
            "website": [],
            "website_domain": null,
            "website_endpoint": null
          },
          "sensitive_attributes": [],
          "private": "eyJlMmJmYjczMC1lY2FhLTExZTYtOGY4OC0zNDM2M2JjN2M0YzAiOnsiY3JlYXRlIjoxMjAwMDAwMDAwMDAwLCJkZWxldGUiOjM2MDAwMDAwMDAwMDAsInJlYWQiOjEyMDAwMDAwMDAwMDAsInVwZGF0ZSI6MTIwMDAwMDAwMDAwMH19"
        }
      ]
    },
    {
      "module": "module.sg",
      "mode": "managed",
      "type": "aws_security_group",
      "name": "elb-sg",
      "provider": "provider[\"registry.terraform.io/hashicorp/aws\"]",
      "instances": [
        {
          "schema_version": 1,
          "attributes": {
            "arn": "arn:aws:ec2:us-east-1:596459525166:security-group/sg-09240c3aaf2550b31",
            "description": "Allow HTTP and HTTPs inbound traffic and all traffic outbound",
            "egress": [
              {
                "cidr_blocks": [
                  "0.0.0.0/0"
                ],
                "description": "Allow all outbound traffic",
                "from_port": 0,
                "ipv6_cidr_blocks": [],
                "prefix_list_ids": [],
                "protocol": "-1",
                "security_groups": [],
                "self": false,
                "to_port": 0
              }
            ],
            "id": "sg-09240c3aaf2550b31",
            "ingress": [
              {
                "cidr_blocks": [
                  "0.0.0.0/0"
                ],
                "description": "Allow HTTP inbound traffic",
                "from_port": 80,
                "ipv6_cidr_blocks": [],
                "prefix_list_ids": [],
                "protocol": "tcp",
                "security_groups": [],
                "self": false,
                "to_port": 80
              },
              {
                "cidr_blocks": [
                  "0.0.0.0/0"
                ],
                "description": "Allow HTTPS inbound traffic",
                "from_port": 443,
                "ipv6_cidr_blocks": [],
                "prefix_list_ids": [],
                "protocol": "tcp",
                "security_groups": [],
                "self": false,
                "to_port": 443
              }
            ],
            "name": "terraform-20240119170942955100000002",
            "name_prefix": "terraform-",
            "owner_id": "596459525166",
            "revoke_rules_on_delete": false,
            "tags": {
              "Name": "darksied-elb-sg"
            },
            "tags_all": {
              "Name": "darksied-elb-sg"
            },
            "timeouts": null,
            "vpc_id": "vpc-002e950c74c7f1179"
          },
          "sensitive_attributes": [],
          "private": "eyJlMmJmYjczMC1lY2FhLTExZTYtOGY4OC0zNDM2M2JjN2M0YzAiOnsiY3JlYXRlIjo2MDAwMDAwMDAwMDAsImRlbGV0ZSI6OTAwMDAwMDAwMDAwfSwic2NoZW1hX3ZlcnNpb24iOiIxIn0=",
          "dependencies": [
            "module.vpc.aws_vpc.vpc"
          ]
        }
      ]
    },
    {
      "module": "module.sg",
      "mode": "managed",
      "type": "aws_security_group",
      "name": "public-instance-sg",
      "provider": "provider[\"registry.terraform.io/hashicorp/aws\"]",
      "instances": [
        {
          "schema_version": 1,
          "attributes": {
            "arn": "arn:aws:ec2:us-east-1:596459525166:security-group/sg-0e66ffca093549ade",
            "description": "Allow SSH ICMP HTTP and HTTPs inbound traffic and all traffic outbound",
            "egress": [
              {
                "cidr_blocks": [
                  "0.0.0.0/0"
                ],
                "description": "Allow all outbound traffic",
                "from_port": 0,
                "ipv6_cidr_blocks": [],
                "prefix_list_ids": [],
                "protocol": "-1",
                "security_groups": [],
                "self": false,
                "to_port": 0
              }
            ],
            "id": "sg-0e66ffca093549ade",
            "ingress": [
              {
                "cidr_blocks": [
                  "0.0.0.0/0"
                ],
                "description": "Allow HTTP inbound traffic",
                "from_port": 80,
                "ipv6_cidr_blocks": [],
                "prefix_list_ids": [],
                "protocol": "tcp",
                "security_groups": [],
                "self": false,
                "to_port": 80
              },
              {
                "cidr_blocks": [
                  "0.0.0.0/0"
                ],
                "description": "Allow HTTPS inbound traffic",
                "from_port": 443,
                "ipv6_cidr_blocks": [],
                "prefix_list_ids": [],
                "protocol": "tcp",
                "security_groups": [],
                "self": false,
                "to_port": 443
              },
              {
                "cidr_blocks": [
                  "0.0.0.0/0"
                ],
                "description": "Allow ICMP inbound traffic",
                "from_port": -1,
                "ipv6_cidr_blocks": [],
                "prefix_list_ids": [],
                "protocol": "icmp",
                "security_groups": [],
                "self": false,
                "to_port": -1
              },
              {
                "cidr_blocks": [
                  "0.0.0.0/0"
                ],
                "description": "Allow SSH inbound traffic",
                "from_port": 22,
                "ipv6_cidr_blocks": [],
                "prefix_list_ids": [],
                "protocol": "tcp",
                "security_groups": [],
                "self": false,
                "to_port": 22
              }
            ],
            "name": "terraform-20240119170943006100000003",
            "name_prefix": "terraform-",
            "owner_id": "596459525166",
            "revoke_rules_on_delete": false,
            "tags": {
              "Name": "darksied-public-instance-1-sg"
            },
            "tags_all": {
              "Name": "darksied-public-instance-1-sg"
            },
            "timeouts": null,
            "vpc_id": "vpc-002e950c74c7f1179"
          },
          "sensitive_attributes": [],
          "private": "eyJlMmJmYjczMC1lY2FhLTExZTYtOGY4OC0zNDM2M2JjN2M0YzAiOnsiY3JlYXRlIjo2MDAwMDAwMDAwMDAsImRlbGV0ZSI6OTAwMDAwMDAwMDAwfSwic2NoZW1hX3ZlcnNpb24iOiIxIn0=",
          "dependencies": [
            "module.vpc.aws_vpc.vpc"
          ]
        }
      ]
    },
    {
      "module": "module.vpc",
      "mode": "data",
      "type": "aws_availability_zones",
      "name": "available",
      "provider": "provider[\"registry.terraform.io/hashicorp/aws\"]",
      "instances": [
        {
          "schema_version": 0,
          "attributes": {
            "all_availability_zones": null,
            "exclude_names": null,
            "exclude_zone_ids": null,
            "filter": null,
            "group_names": [
              "us-east-1"
            ],
            "id": "us-east-1",
            "names": [
              "us-east-1a",
              "us-east-1b",
              "us-east-1c",
              "us-east-1d",
              "us-east-1e",
              "us-east-1f"
            ],
            "state": null,
            "timeouts": null,
            "zone_ids": [
              "use1-az2",
              "use1-az4",
              "use1-az6",
              "use1-az1",
              "use1-az3",
              "use1-az5"
            ]
          },
          "sensitive_attributes": []
        }
      ]
    },
    {
      "module": "module.vpc",
      "mode": "managed",
      "type": "aws_internet_gateway",
      "name": "igw",
      "provider": "provider[\"registry.terraform.io/hashicorp/aws\"]",
      "instances": [
        {
          "schema_version": 0,
          "attributes": {
            "arn": "arn:aws:ec2:us-east-1:596459525166:internet-gateway/igw-00157857b3d1c91d4",
            "id": "igw-00157857b3d1c91d4",
            "owner_id": "596459525166",
            "tags": {
              "Name": "darksied-mini-project-igw"
            },
            "tags_all": {
              "Name": "darksied-mini-project-igw"
            },
            "timeouts": null,
            "vpc_id": "vpc-002e950c74c7f1179"
          },
          "sensitive_attributes": [],
          "private": "eyJlMmJmYjczMC1lY2FhLTExZTYtOGY4OC0zNDM2M2JjN2M0YzAiOnsiY3JlYXRlIjoxMjAwMDAwMDAwMDAwLCJkZWxldGUiOjEyMDAwMDAwMDAwMDAsInVwZGF0ZSI6MTIwMDAwMDAwMDAwMH19",
          "dependencies": [
            "module.vpc.aws_vpc.vpc"
          ]
        }
      ]
    },
    {
      "module": "module.vpc",
      "mode": "managed",
      "type": "aws_route_table",
      "name": "public-route-table",
      "provider": "provider[\"registry.terraform.io/hashicorp/aws\"]",
      "instances": [
        {
          "schema_version": 0,
          "attributes": {
            "arn": "arn:aws:ec2:us-east-1:596459525166:route-table/rtb-05aaecc50d4e25be1",
            "id": "rtb-05aaecc50d4e25be1",
            "owner_id": "596459525166",
            "propagating_vgws": [],
            "route": [
              {
                "carrier_gateway_id": "",
                "cidr_block": "0.0.0.0/0",
                "core_network_arn": "",
                "destination_prefix_list_id": "",
                "egress_only_gateway_id": "",
                "gateway_id": "igw-00157857b3d1c91d4",
                "ipv6_cidr_block": "",
                "local_gateway_id": "",
                "nat_gateway_id": "",
                "network_interface_id": "",
                "transit_gateway_id": "",
                "vpc_endpoint_id": "",
                "vpc_peering_connection_id": ""
              }
            ],
            "tags": {
              "Name": "darksied-mini-project-public-route-table"
            },
            "tags_all": {
              "Name": "darksied-mini-project-public-route-table"
            },
            "timeouts": null,
            "vpc_id": "vpc-002e950c74c7f1179"
          },
          "sensitive_attributes": [],
          "private": "eyJlMmJmYjczMC1lY2FhLTExZTYtOGY4OC0zNDM2M2JjN2M0YzAiOnsiY3JlYXRlIjozMDAwMDAwMDAwMDAsImRlbGV0ZSI6MzAwMDAwMDAwMDAwLCJ1cGRhdGUiOjEyMDAwMDAwMDAwMH19",
          "dependencies": [
            "module.vpc.aws_internet_gateway.igw",
            "module.vpc.aws_vpc.vpc"
          ]
        }
      ]
    },
    {
      "module": "module.vpc",
      "mode": "managed",
      "type": "aws_route_table_association",
      "name": "public-route-table-association",
      "provider": "provider[\"registry.terraform.io/hashicorp/aws\"]",
      "instances": [
        {
          "index_key": "public-subnet-1",
          "schema_version": 0,
          "attributes": {
            "gateway_id": "",
            "id": "rtbassoc-0c0b370901021a336",
            "route_table_id": "rtb-05aaecc50d4e25be1",
            "subnet_id": "subnet-063e2ba7e6df9a053",
            "timeouts": null
          },
          "sensitive_attributes": [],
          "private": "eyJlMmJmYjczMC1lY2FhLTExZTYtOGY4OC0zNDM2M2JjN2M0YzAiOnsiY3JlYXRlIjozMDAwMDAwMDAwMDAsImRlbGV0ZSI6MzAwMDAwMDAwMDAwLCJ1cGRhdGUiOjEyMDAwMDAwMDAwMH19",
          "dependencies": [
            "module.vpc.aws_internet_gateway.igw",
            "module.vpc.aws_route_table.public-route-table",
            "module.vpc.aws_subnet.subnets",
            "module.vpc.aws_vpc.vpc",
            "module.vpc.data.aws_availability_zones.available"
          ]
        },
        {
          "index_key": "public-subnet-2",
          "schema_version": 0,
          "attributes": {
            "gateway_id": "",
            "id": "rtbassoc-03813f87648d938d8",
            "route_table_id": "rtb-05aaecc50d4e25be1",
            "subnet_id": "subnet-019e9bad6b85aaa6d",
            "timeouts": null
          },
          "sensitive_attributes": [],
          "private": "eyJlMmJmYjczMC1lY2FhLTExZTYtOGY4OC0zNDM2M2JjN2M0YzAiOnsiY3JlYXRlIjozMDAwMDAwMDAwMDAsImRlbGV0ZSI6MzAwMDAwMDAwMDAwLCJ1cGRhdGUiOjEyMDAwMDAwMDAwMH19",
          "dependencies": [
            "module.vpc.aws_internet_gateway.igw",
            "module.vpc.aws_route_table.public-route-table",
            "module.vpc.aws_subnet.subnets",
            "module.vpc.aws_vpc.vpc",
            "module.vpc.data.aws_availability_zones.available"
          ]
        },
        {
          "index_key": "public-subnet-3",
          "schema_version": 0,
          "attributes": {
            "gateway_id": "",
            "id": "rtbassoc-08346b22530feb1ea",
            "route_table_id": "rtb-05aaecc50d4e25be1",
            "subnet_id": "subnet-0521ee08dd51f4208",
            "timeouts": null
          },
          "sensitive_attributes": [],
          "private": "eyJlMmJmYjczMC1lY2FhLTExZTYtOGY4OC0zNDM2M2JjN2M0YzAiOnsiY3JlYXRlIjozMDAwMDAwMDAwMDAsImRlbGV0ZSI6MzAwMDAwMDAwMDAwLCJ1cGRhdGUiOjEyMDAwMDAwMDAwMH19",
          "dependencies": [
            "module.vpc.aws_internet_gateway.igw",
            "module.vpc.aws_route_table.public-route-table",
            "module.vpc.aws_subnet.subnets",
            "module.vpc.aws_vpc.vpc",
            "module.vpc.data.aws_availability_zones.available"
          ]
        }
      ]
    },
    {
      "module": "module.vpc",
      "mode": "managed",
      "type": "aws_subnet",
      "name": "subnets",
      "provider": "provider[\"registry.terraform.io/hashicorp/aws\"]",
      "instances": [
        {
          "index_key": "public-subnet-1",
          "schema_version": 1,
          "attributes": {
            "arn": "arn:aws:ec2:us-east-1:596459525166:subnet/subnet-063e2ba7e6df9a053",
            "assign_ipv6_address_on_creation": false,
            "availability_zone": "us-east-1a",
            "availability_zone_id": "use1-az2",
            "cidr_block": "10.0.0.0/28",
            "customer_owned_ipv4_pool": "",
            "enable_dns64": false,
            "enable_lni_at_device_index": 0,
            "enable_resource_name_dns_a_record_on_launch": false,
            "enable_resource_name_dns_aaaa_record_on_launch": false,
            "id": "subnet-063e2ba7e6df9a053",
            "ipv6_cidr_block": "",
            "ipv6_cidr_block_association_id": "",
            "ipv6_native": false,
            "map_customer_owned_ip_on_launch": false,
            "map_public_ip_on_launch": true,
            "outpost_arn": "",
            "owner_id": "596459525166",
            "private_dns_hostname_type_on_launch": "ip-name",
            "tags": {
              "Name": "darksied-mini-project-public-subnet-1"
            },
            "tags_all": {
              "Name": "darksied-mini-project-public-subnet-1"
            },
            "timeouts": null,
            "vpc_id": "vpc-002e950c74c7f1179"
          },
          "sensitive_attributes": [],
          "private": "eyJlMmJmYjczMC1lY2FhLTExZTYtOGY4OC0zNDM2M2JjN2M0YzAiOnsiY3JlYXRlIjo2MDAwMDAwMDAwMDAsImRlbGV0ZSI6MTIwMDAwMDAwMDAwMH0sInNjaGVtYV92ZXJzaW9uIjoiMSJ9",
          "dependencies": [
            "module.vpc.aws_vpc.vpc",
            "module.vpc.data.aws_availability_zones.available"
          ]
        },
        {
          "index_key": "public-subnet-2",
          "schema_version": 1,
          "attributes": {
            "arn": "arn:aws:ec2:us-east-1:596459525166:subnet/subnet-019e9bad6b85aaa6d",
            "assign_ipv6_address_on_creation": false,
            "availability_zone": "us-east-1b",
            "availability_zone_id": "use1-az4",
            "cidr_block": "10.0.0.16/28",
            "customer_owned_ipv4_pool": "",
            "enable_dns64": false,
            "enable_lni_at_device_index": 0,
            "enable_resource_name_dns_a_record_on_launch": false,
            "enable_resource_name_dns_aaaa_record_on_launch": false,
            "id": "subnet-019e9bad6b85aaa6d",
            "ipv6_cidr_block": "",
            "ipv6_cidr_block_association_id": "",
            "ipv6_native": false,
            "map_customer_owned_ip_on_launch": false,
            "map_public_ip_on_launch": true,
            "outpost_arn": "",
            "owner_id": "596459525166",
            "private_dns_hostname_type_on_launch": "ip-name",
            "tags": {
              "Name": "darksied-mini-project-public-subnet-2"
            },
            "tags_all": {
              "Name": "darksied-mini-project-public-subnet-2"
            },
            "timeouts": null,
            "vpc_id": "vpc-002e950c74c7f1179"
          },
          "sensitive_attributes": [],
          "private": "eyJlMmJmYjczMC1lY2FhLTExZTYtOGY4OC0zNDM2M2JjN2M0YzAiOnsiY3JlYXRlIjo2MDAwMDAwMDAwMDAsImRlbGV0ZSI6MTIwMDAwMDAwMDAwMH0sInNjaGVtYV92ZXJzaW9uIjoiMSJ9",
          "dependencies": [
            "module.vpc.aws_vpc.vpc",
            "module.vpc.data.aws_availability_zones.available"
          ]
        },
        {
          "index_key": "public-subnet-3",
          "schema_version": 1,
          "attributes": {
            "arn": "arn:aws:ec2:us-east-1:596459525166:subnet/subnet-0521ee08dd51f4208",
            "assign_ipv6_address_on_creation": false,
            "availability_zone": "us-east-1c",
            "availability_zone_id": "use1-az6",
            "cidr_block": "10.0.0.32/28",
            "customer_owned_ipv4_pool": "",
            "enable_dns64": false,
            "enable_lni_at_device_index": 0,
            "enable_resource_name_dns_a_record_on_launch": false,
            "enable_resource_name_dns_aaaa_record_on_launch": false,
            "id": "subnet-0521ee08dd51f4208",
            "ipv6_cidr_block": "",
            "ipv6_cidr_block_association_id": "",
            "ipv6_native": false,
            "map_customer_owned_ip_on_launch": false,
            "map_public_ip_on_launch": true,
            "outpost_arn": "",
            "owner_id": "596459525166",
            "private_dns_hostname_type_on_launch": "ip-name",
            "tags": {
              "Name": "darksied-mini-project-public-subnet-3"
            },
            "tags_all": {
              "Name": "darksied-mini-project-public-subnet-3"
            },
            "timeouts": null,
            "vpc_id": "vpc-002e950c74c7f1179"
          },
          "sensitive_attributes": [],
          "private": "eyJlMmJmYjczMC1lY2FhLTExZTYtOGY4OC0zNDM2M2JjN2M0YzAiOnsiY3JlYXRlIjo2MDAwMDAwMDAwMDAsImRlbGV0ZSI6MTIwMDAwMDAwMDAwMH0sInNjaGVtYV92ZXJzaW9uIjoiMSJ9",
          "dependencies": [
            "module.vpc.aws_vpc.vpc",
            "module.vpc.data.aws_availability_zones.available"
          ]
        }
      ]
    },
    {
      "module": "module.vpc",
      "mode": "managed",
      "type": "aws_vpc",
      "name": "vpc",
      "provider": "provider[\"registry.terraform.io/hashicorp/aws\"]",
      "instances": [
        {
          "schema_version": 1,
          "attributes": {
            "arn": "arn:aws:ec2:us-east-1:596459525166:vpc/vpc-002e950c74c7f1179",
            "assign_generated_ipv6_cidr_block": false,
            "cidr_block": "10.0.0.0/24",
            "default_network_acl_id": "acl-073aeb4661e9da863",
            "default_route_table_id": "rtb-0bfcbf9c6958c56bc",
            "default_security_group_id": "sg-0fd82de121d32a774",
            "dhcp_options_id": "dopt-0e3ddb56e46cefa93",
            "enable_dns_hostnames": true,
            "enable_dns_support": true,
            "enable_network_address_usage_metrics": false,
            "id": "vpc-002e950c74c7f1179",
            "instance_tenancy": "default",
            "ipv4_ipam_pool_id": null,
            "ipv4_netmask_length": null,
            "ipv6_association_id": "",
            "ipv6_cidr_block": "",
            "ipv6_cidr_block_network_border_group": "",
            "ipv6_ipam_pool_id": "",
            "ipv6_netmask_length": 0,
            "main_route_table_id": "rtb-0bfcbf9c6958c56bc",
            "owner_id": "596459525166",
            "tags": {
              "Name": "darksied-mini-project-vpc"
            },
            "tags_all": {
              "Name": "darksied-mini-project-vpc"
            }
          },
          "sensitive_attributes": [],
          "private": "eyJzY2hlbWFfdmVyc2lvbiI6IjEifQ==",
          "create_before_destroy": true
        }
      ]
    }
  ],
  "check_results": null
}
